
Microsoft Visual Studio Solution File, Format Version 12.00
# Visual Studio Version 16
VisualStudioVersion = 16.0.31911.196
MinimumVisualStudioVersion = 10.0.40219.1
Project("{9A19103F-16F7-4668-BE54-9A1E7A4F7556}") = "MovieTheaterAPI", "ContentAPI\MovieTheaterAPI.csproj", "{7F7E44FC-65DC-4185-9C7D-AEC1C193B6BC}"
EndProject
Global
	GlobalSection(SolutionConfigurationPlatforms) = preSolution
		Debug|Any CPU = Debug|Any CPU
		Release|Any CPU = Release|Any CPU
	EndGlobalSection
	GlobalSection(ProjectConfigurationPlatforms) = postSolution
		{7F7E44FC-65DC-4185-9C7D-AEC1C193B6BC}.Debug|Any CPU.ActiveCfg = Debug|Any CPU
		{7F7E44FC-65DC-4185-9C7D-AEC1C193B6BC}.Debug|Any CPU.Build.0 = Debug|Any CPU
		{7F7E44FC-65DC-4185-9C7D-AEC1C193B6BC}.Release|Any CPU.ActiveCfg = Release|Any CPU
		{7F7E44FC-65DC-4185-9C7D-AEC1C193B6BC}.Release|Any CPU.Build.0 = Release|Any CPU
	EndGlobalSection
	GlobalSection(SolutionProperties) = preSolution
		HideSolutionNode = FALSE
	EndGlobalSection
	GlobalSection(ExtensibilityGlobals) = postSolution
		SolutionGuid = {AA3E005C-AEFF-4569-9232-4ECDA550D698}
	EndGlobalSection
EndGlobal
